
Microsoft Visual Studio Solution File, Format Version 12.00
# Visual Studio Version 16
VisualStudioVersion = 16.0.29806.167
MinimumVisualStudioVersion = 10.0.40219.1
Project("{FAE04EC0-301F-11D3-BF4B-00C04F79EFBC}") = "Pizza_StoreV9", "Pizza_StoreV9.csproj", "{EA3A72BB-108B-464E-B091-57759C5ABEA2}"
EndProject
Global
	GlobalSection(SolutionConfigurationPlatforms) = preSolution
		Debug|Any CPU = Debug|Any CPU
		Release|Any CPU = Release|Any CPU
	EndGlobalSection
	GlobalSection(ProjectConfigurationPlatforms) = postSolution
		{EA3A72BB-108B-464E-B091-57759C5ABEA2}.Debug|Any CPU.ActiveCfg = Debug|Any CPU
		{EA3A72BB-108B-464E-B091-57759C5ABEA2}.Debug|Any CPU.Build.0 = Debug|Any CPU
		{EA3A72BB-108B-464E-B091-57759C5ABEA2}.Release|Any CPU.ActiveCfg = Release|Any CPU
		{EA3A72BB-108B-464E-B091-57759C5ABEA2}.Release|Any CPU.Build.0 = Release|Any CPU
	EndGlobalSection
	GlobalSection(SolutionProperties) = preSolution
		HideSolutionNode = FALSE
	EndGlobalSection
	GlobalSection(ExtensibilityGlobals) = postSolution
		SolutionGuid = {7BC57ACB-592A-4D7B-9CD6-EAD29F30CF94}
	EndGlobalSection
EndGlobal
