
Microsoft Visual Studio Solution File, Format Version 12.00
# Visual Studio Version 16
VisualStudioVersion = 16.0.29806.167
MinimumVisualStudioVersion = 10.0.40219.1
Project("{9A19103F-16F7-4668-BE54-9A1E7A4F7556}") = "StudentRazorPages", "StudentRazorPages\StudentRazorPages.csproj", "{A8C958AE-93FD-4660-BF53-D2374006E144}"
EndProject
Project("{FAE04EC0-301F-11D3-BF4B-00C04F79EFBC}") = "StudentUnitTest", "StudentUnitTest\StudentUnitTest.csproj", "{F2212231-A86F-487D-B094-5C41C425E28D}"
EndProject
Global
	GlobalSection(SolutionConfigurationPlatforms) = preSolution
		Debug|Any CPU = Debug|Any CPU
		Release|Any CPU = Release|Any CPU
	EndGlobalSection
	GlobalSection(ProjectConfigurationPlatforms) = postSolution
		{A8C958AE-93FD-4660-BF53-D2374006E144}.Debug|Any CPU.ActiveCfg = Debug|Any CPU
		{A8C958AE-93FD-4660-BF53-D2374006E144}.Debug|Any CPU.Build.0 = Debug|Any CPU
		{A8C958AE-93FD-4660-BF53-D2374006E144}.Release|Any CPU.ActiveCfg = Release|Any CPU
		{A8C958AE-93FD-4660-BF53-D2374006E144}.Release|Any CPU.Build.0 = Release|Any CPU
		{F2212231-A86F-487D-B094-5C41C425E28D}.Debug|Any CPU.ActiveCfg = Debug|Any CPU
		{F2212231-A86F-487D-B094-5C41C425E28D}.Debug|Any CPU.Build.0 = Debug|Any CPU
		{F2212231-A86F-487D-B094-5C41C425E28D}.Release|Any CPU.ActiveCfg = Release|Any CPU
		{F2212231-A86F-487D-B094-5C41C425E28D}.Release|Any CPU.Build.0 = Release|Any CPU
	EndGlobalSection
	GlobalSection(SolutionProperties) = preSolution
		HideSolutionNode = FALSE
	EndGlobalSection
	GlobalSection(ExtensibilityGlobals) = postSolution
		SolutionGuid = {FA70A953-CCE3-406B-B255-6E87C9EFE36F}
	EndGlobalSection
EndGlobal
