
Microsoft Visual Studio Solution File, Format Version 12.00
# Visual Studio Version 16
VisualStudioVersion = 16.0.29806.167
MinimumVisualStudioVersion = 10.0.40219.1
Project("{FAE04EC0-301F-11D3-BF4B-00C04F79EFBC}") = "Pizza_StoreV3", "Pizza_StoreV3.csproj", "{AF4503BF-AF60-4736-B303-AB270D06C8FB}"
EndProject
Global
	GlobalSection(SolutionConfigurationPlatforms) = preSolution
		Debug|Any CPU = Debug|Any CPU
		Release|Any CPU = Release|Any CPU
	EndGlobalSection
	GlobalSection(ProjectConfigurationPlatforms) = postSolution
		{AF4503BF-AF60-4736-B303-AB270D06C8FB}.Debug|Any CPU.ActiveCfg = Debug|Any CPU
		{AF4503BF-AF60-4736-B303-AB270D06C8FB}.Debug|Any CPU.Build.0 = Debug|Any CPU
		{AF4503BF-AF60-4736-B303-AB270D06C8FB}.Release|Any CPU.ActiveCfg = Release|Any CPU
		{AF4503BF-AF60-4736-B303-AB270D06C8FB}.Release|Any CPU.Build.0 = Release|Any CPU
	EndGlobalSection
	GlobalSection(SolutionProperties) = preSolution
		HideSolutionNode = FALSE
	EndGlobalSection
	GlobalSection(ExtensibilityGlobals) = postSolution
		SolutionGuid = {AC67152A-A223-4A10-B445-BB71EC36B3F3}
	EndGlobalSection
EndGlobal
